// !$*UTF8*$!
{
	archiveVersion = 1;
	classes = {
	};
	objectVersion = 46;
	objects = {

/* Begin PBXBuildFile section */
		AE8678C41D6B770400E76B48 /* AppDelegate.swift in Sources */ = {isa = PBXBuildFile; fileRef = AE8678C31D6B770400E76B48 /* AppDelegate.swift */; };
		AE8678C61D6B770400E76B48 /* LoginViewController.swift in Sources */ = {isa = PBXBuildFile; fileRef = AE8678C51D6B770400E76B48 /* LoginViewController.swift */; };
		AE8678C91D6B770400E76B48 /* Main.storyboard in Resources */ = {isa = PBXBuildFile; fileRef = AE8678C71D6B770400E76B48 /* Main.storyboard */; };
		AE8678CB1D6B770400E76B48 /* Assets.xcassets in Resources */ = {isa = PBXBuildFile; fileRef = AE8678CA1D6B770400E76B48 /* Assets.xcassets */; };
		AE8678CE1D6B770400E76B48 /* LaunchScreen.storyboard in Resources */ = {isa = PBXBuildFile; fileRef = AE8678CC1D6B770400E76B48 /* LaunchScreen.storyboard */; };
		AE8678D71D6B79B500E76B48 /* Constants.swift in Sources */ = {isa = PBXBuildFile; fileRef = AE8678D61D6B79B500E76B48 /* Constants.swift */; };
		AE8678DA1D6B7DA600E76B48 /* UdacityClient.swift in Sources */ = {isa = PBXBuildFile; fileRef = AE8678D91D6B7DA600E76B48 /* UdacityClient.swift */; };
		AE8678DD1D6B96D200E76B48 /* MapViewController.swift in Sources */ = {isa = PBXBuildFile; fileRef = AE8678DC1D6B96D200E76B48 /* MapViewController.swift */; };
		AE8678FF1D6BB61000E76B48 /* ParseClient.swift in Sources */ = {isa = PBXBuildFile; fileRef = AE8678FE1D6BB61000E76B48 /* ParseClient.swift */; };
		AE8679011D6BD0EF00E76B48 /* CreatePinViewController.swift in Sources */ = {isa = PBXBuildFile; fileRef = AE8679001D6BD0EF00E76B48 /* CreatePinViewController.swift */; };
		AE8FB2021D7503B6008A95F6 /* StringExtensionForURL.swift in Sources */ = {isa = PBXBuildFile; fileRef = AE8FB2011D7503B6008A95F6 /* StringExtensionForURL.swift */; };
		AEBB0FA41D762A6D004AB94C /* NetworkingProtocol.swift in Sources */ = {isa = PBXBuildFile; fileRef = AEBB0FA31D762A6D004AB94C /* NetworkingProtocol.swift */; };
		AEE442201D6D10920039EB5A /* TableViewController.swift in Sources */ = {isa = PBXBuildFile; fileRef = AEE4421F1D6D10920039EB5A /* TableViewController.swift */; };
/* End PBXBuildFile section */

/* Begin PBXFileReference section */
		AE8678C01D6B770400E76B48 /* OnTheMap.app */ = {isa = PBXFileReference; explicitFileType = wrapper.application; includeInIndex = 0; path = OnTheMap.app; sourceTree = BUILT_PRODUCTS_DIR; };
		AE8678C31D6B770400E76B48 /* AppDelegate.swift */ = {isa = PBXFileReference; lastKnownFileType = sourcecode.swift; path = AppDelegate.swift; sourceTree = "<group>"; };
		AE8678C51D6B770400E76B48 /* LoginViewController.swift */ = {isa = PBXFileReference; lastKnownFileType = sourcecode.swift; path = LoginViewController.swift; sourceTree = "<group>"; };
		AE8678C81D6B770400E76B48 /* Base */ = {isa = PBXFileReference; lastKnownFileType = file.storyboard; name = Base; path = Base.lproj/Main.storyboard; sourceTree = "<group>"; };
		AE8678CA1D6B770400E76B48 /* Assets.xcassets */ = {isa = PBXFileReference; lastKnownFileType = folder.assetcatalog; path = Assets.xcassets; sourceTree = "<group>"; };
		AE8678CD1D6B770400E76B48 /* Base */ = {isa = PBXFileReference; lastKnownFileType = file.storyboard; name = Base; path = Base.lproj/LaunchScreen.storyboard; sourceTree = "<group>"; };
		AE8678CF1D6B770400E76B48 /* Info.plist */ = {isa = PBXFileReference; lastKnownFileType = text.plist.xml; path = Info.plist; sourceTree = "<group>"; };
		AE8678D61D6B79B500E76B48 /* Constants.swift */ = {isa = PBXFileReference; fileEncoding = 4; lastKnownFileType = sourcecode.swift; path = Constants.swift; sourceTree = "<group>"; };
		AE8678D91D6B7DA600E76B48 /* UdacityClient.swift */ = {isa = PBXFileReference; fileEncoding = 4; lastKnownFileType = sourcecode.swift; lineEnding = 0; path = UdacityClient.swift; sourceTree = "<group>"; xcLanguageSpecificationIdentifier = xcode.lang.swift; };
		AE8678DC1D6B96D200E76B48 /* MapViewController.swift */ = {isa = PBXFileReference; fileEncoding = 4; lastKnownFileType = sourcecode.swift; path = MapViewController.swift; sourceTree = "<group>"; };
		AE8678FE1D6BB61000E76B48 /* ParseClient.swift */ = {isa = PBXFileReference; fileEncoding = 4; lastKnownFileType = sourcecode.swift; lineEnding = 0; path = ParseClient.swift; sourceTree = "<group>"; xcLanguageSpecificationIdentifier = xcode.lang.swift; };
		AE8679001D6BD0EF00E76B48 /* CreatePinViewController.swift */ = {isa = PBXFileReference; fileEncoding = 4; lastKnownFileType = sourcecode.swift; path = CreatePinViewController.swift; sourceTree = "<group>"; };
		AE8FB2011D7503B6008A95F6 /* StringExtensionForURL.swift */ = {isa = PBXFileReference; fileEncoding = 4; lastKnownFileType = sourcecode.swift; path = StringExtensionForURL.swift; sourceTree = "<group>"; };
		AEBB0FA31D762A6D004AB94C /* NetworkingProtocol.swift */ = {isa = PBXFileReference; fileEncoding = 4; lastKnownFileType = sourcecode.swift; path = NetworkingProtocol.swift; sourceTree = "<group>"; };
		AEE4421F1D6D10920039EB5A /* TableViewController.swift */ = {isa = PBXFileReference; fileEncoding = 4; lastKnownFileType = sourcecode.swift; path = TableViewController.swift; sourceTree = "<group>"; };
/* End PBXFileReference section */

/* Begin PBXFrameworksBuildPhase section */
		AE8678BD1D6B770400E76B48 /* Frameworks */ = {
			isa = PBXFrameworksBuildPhase;
			buildActionMask = 2147483647;
			files = (
			);
			runOnlyForDeploymentPostprocessing = 0;
		};
/* End PBXFrameworksBuildPhase section */

/* Begin PBXGroup section */
		AE8678B71D6B770400E76B48 = {
			isa = PBXGroup;
			children = (
				AE8678C21D6B770400E76B48 /* OnTheMap */,
				AE8678C11D6B770400E76B48 /* Products */,
			);
			sourceTree = "<group>";
		};
		AE8678C11D6B770400E76B48 /* Products */ = {
			isa = PBXGroup;
			children = (
				AE8678C01D6B770400E76B48 /* OnTheMap.app */,
			);
			name = Products;
			sourceTree = "<group>";
		};
		AE8678C21D6B770400E76B48 /* OnTheMap */ = {
			isa = PBXGroup;
			children = (
				AE8FB2011D7503B6008A95F6 /* StringExtensionForURL.swift */,
				AE8678C31D6B770400E76B48 /* AppDelegate.swift */,
				AE8678D51D6B799700E76B48 /* Controllers */,
				AE8678D81D6B79C200E76B48 /* Model */,
				AE8678DB1D6B7DB000E76B48 /* Clients */,
				AE8678C71D6B770400E76B48 /* Main.storyboard */,
				AE8678CA1D6B770400E76B48 /* Assets.xcassets */,
				AE8678CC1D6B770400E76B48 /* LaunchScreen.storyboard */,
				AE8678CF1D6B770400E76B48 /* Info.plist */,
			);
			path = OnTheMap;
			sourceTree = "<group>";
		};
		AE8678D51D6B799700E76B48 /* Controllers */ = {
			isa = PBXGroup;
			children = (
				AE8678C51D6B770400E76B48 /* LoginViewController.swift */,
				AE8678DC1D6B96D200E76B48 /* MapViewController.swift */,
				AEE4421F1D6D10920039EB5A /* TableViewController.swift */,
				AE8679001D6BD0EF00E76B48 /* CreatePinViewController.swift */,
			);
			name = Controllers;
			sourceTree = "<group>";
		};
		AE8678D81D6B79C200E76B48 /* Model */ = {
			isa = PBXGroup;
			children = (
				AE8678D61D6B79B500E76B48 /* Constants.swift */,
			);
			name = Model;
			sourceTree = "<group>";
		};
		AE8678DB1D6B7DB000E76B48 /* Clients */ = {
			isa = PBXGroup;
			children = (
				AE8678D91D6B7DA600E76B48 /* UdacityClient.swift */,
				AE8678FE1D6BB61000E76B48 /* ParseClient.swift */,
				AEBB0FA31D762A6D004AB94C /* NetworkingProtocol.swift */,
			);
			name = Clients;
			sourceTree = "<group>";
		};
/* End PBXGroup section */

/* Begin PBXNativeTarget section */
		AE8678BF1D6B770400E76B48 /* OnTheMap */ = {
			isa = PBXNativeTarget;
			buildConfigurationList = AE8678D21D6B770400E76B48 /* Build configuration list for PBXNativeTarget "OnTheMap" */;
			buildPhases = (
				AE8678BC1D6B770400E76B48 /* Sources */,
				AE8678BD1D6B770400E76B48 /* Frameworks */,
				AE8678BE1D6B770400E76B48 /* Resources */,
			);
			buildRules = (
			);
			dependencies = (
			);
			name = OnTheMap;
			productName = OnTheMap;
			productReference = AE8678C01D6B770400E76B48 /* OnTheMap.app */;
			productType = "com.apple.product-type.application";
		};
/* End PBXNativeTarget section */

/* Begin PBXProject section */
		AE8678B81D6B770400E76B48 /* Project object */ = {
			isa = PBXProject;
			attributes = {
				LastSwiftUpdateCheck = 0730;
				LastUpgradeCheck = 0730;
				ORGANIZATIONNAME = "Amelia Boli";
				TargetAttributes = {
					AE8678BF1D6B770400E76B48 = {
						CreatedOnToolsVersion = 7.3.1;
						DevelopmentTeam = ZEE8KAFFYS;
					};
				};
			};
			buildConfigurationList = AE8678BB1D6B770400E76B48 /* Build configuration list for PBXProject "OnTheMap" */;
			compatibilityVersion = "Xcode 3.2";
			developmentRegion = English;
			hasScannedForEncodings = 0;
			knownRegions = (
				en,
				Base,
			);
			mainGroup = AE8678B71D6B770400E76B48;
			productRefGroup = AE8678C11D6B770400E76B48 /* Products */;
			projectDirPath = "";
			projectRoot = "";
			targets = (
				AE8678BF1D6B770400E76B48 /* OnTheMap */,
			);
		};
/* End PBXProject section */

/* Begin PBXResourcesBuildPhase section */
		AE8678BE1D6B770400E76B48 /* Resources */ = {
			isa = PBXResourcesBuildPhase;
			buildActionMask = 2147483647;
			files = (
				AE8678CE1D6B770400E76B48 /* LaunchScreen.storyboard in Resources */,
				AE8678CB1D6B770400E76B48 /* Assets.xcassets in Resources */,
				AE8678C91D6B770400E76B48 /* Main.storyboard in Resources */,
			);
			runOnlyForDeploymentPostprocessing = 0;
		};
/* End PBXResourcesBuildPhase section */

/* Begin PBXSourcesBuildPhase section */
		AE8678BC1D6B770400E76B48 /* Sources */ = {
			isa = PBXSourcesBuildPhase;
			buildActionMask = 2147483647;
			files = (
				AE8678FF1D6BB61000E76B48 /* ParseClient.swift in Sources */,
				AE8678DA1D6B7DA600E76B48 /* UdacityClient.swift in Sources */,
				AE8678C61D6B770400E76B48 /* LoginViewController.swift in Sources */,
				AEBB0FA41D762A6D004AB94C /* NetworkingProtocol.swift in Sources */,
				AEE442201D6D10920039EB5A /* TableViewController.swift in Sources */,
				AE8678C41D6B770400E76B48 /* AppDelegate.swift in Sources */,
				AE8678DD1D6B96D200E76B48 /* MapViewController.swift in Sources */,
				AE8FB2021D7503B6008A95F6 /* StringExtensionForURL.swift in Sources */,
				AE8678D71D6B79B500E76B48 /* Constants.swift in Sources */,
				AE8679011D6BD0EF00E76B48 /* CreatePinViewController.swift in Sources */,
			);
			runOnlyForDeploymentPostprocessing = 0;
		};
/* End PBXSourcesBuildPhase section */

/* Begin PBXVariantGroup section */
		AE8678C71D6B770400E76B48 /* Main.storyboard */ = {
			isa = PBXVariantGroup;
			children = (
				AE8678C81D6B770400E76B48 /* Base */,
			);
			name = Main.storyboard;
			sourceTree = "<group>";
		};
		AE8678CC1D6B770400E76B48 /* LaunchScreen.storyboard */ = {
			isa = PBXVariantGroup;
			children = (
				AE8678CD1D6B770400E76B48 /* Base */,
			);
			name = LaunchScreen.storyboard;
			sourceTree = "<group>";
		};
/* End PBXVariantGroup section */

/* Begin XCBuildConfiguration section */
		AE8678D01D6B770400E76B48 /* Debug */ = {
			isa = XCBuildConfiguration;
			buildSettings = {
				ALWAYS_SEARCH_USER_PATHS = NO;
				CLANG_ANALYZER_NONNULL = YES;
				CLANG_CXX_LANGUAGE_STANDARD = "gnu++0x";
				CLANG_CXX_LIBRARY = "libc++";
				CLANG_ENABLE_MODULES = YES;
				CLANG_ENABLE_OBJC_ARC = YES;
				CLANG_WARN_BOOL_CONVERSION = YES;
				CLANG_WARN_CONSTANT_CONVERSION = YES;
				CLANG_WARN_DIRECT_OBJC_ISA_USAGE = YES_ERROR;
				CLANG_WARN_EMPTY_BODY = YES;
				CLANG_WARN_ENUM_CONVERSION = YES;
				CLANG_WARN_INT_CONVERSION = YES;
				CLANG_WARN_OBJC_ROOT_CLASS = YES_ERROR;
				CLANG_WARN_UNREACHABLE_CODE = YES;
				CLANG_WARN__DUPLICATE_METHOD_MATCH = YES;
				"CODE_SIGN_IDENTITY[sdk=iphoneos*]" = "iPhone Developer";
				COPY_PHASE_STRIP = NO;
				DEBUG_INFORMATION_FORMAT = dwarf;
				ENABLE_STRICT_OBJC_MSGSEND = YES;
				ENABLE_TESTABILITY = YES;
				GCC_C_LANGUAGE_STANDARD = gnu99;
				GCC_DYNAMIC_NO_PIC = NO;
				GCC_NO_COMMON_BLOCKS = YES;
				GCC_OPTIMIZATION_LEVEL = 0;
				GCC_PREPROCESSOR_DEFINITIONS = (
					"DEBUG=1",
					"$(inherited)",
				);
				GCC_WARN_64_TO_32_BIT_CONVERSION = YES;
				GCC_WARN_ABOUT_RETURN_TYPE = YES_ERROR;
				GCC_WARN_UNDECLARED_SELECTOR = YES;
				GCC_WARN_UNINITIALIZED_AUTOS = YES_AGGRESSIVE;
				GCC_WARN_UNUSED_FUNCTION = YES;
				GCC_WARN_UNUSED_VARIABLE = YES;
				IPHONEOS_DEPLOYMENT_TARGET = 9.3;
				MTL_ENABLE_DEBUG_INFO = YES;
				ONLY_ACTIVE_ARCH = YES;
				SDKROOT = iphoneos;
				SWIFT_OPTIMIZATION_LEVEL = "-Onone";
			};
			name = Debug;
		};
		AE8678D11D6B770400E76B48 /* Release */ = {
			isa = XCBuildConfiguration;
			buildSettings = {
				ALWAYS_SEARCH_USER_PATHS = NO;
				CLANG_ANALYZER_NONNULL = YES;
				CLANG_CXX_LANGUAGE_STANDARD = "gnu++0x";
				CLANG_CXX_LIBRARY = "libc++";
				CLANG_ENABLE_MODULES = YES;
				CLANG_ENABLE_OBJC_ARC = YES;
				CLANG_WARN_BOOL_CONVERSION = YES;
				CLANG_WARN_CONSTANT_CONVERSION = YES;
				CLANG_WARN_DIRECT_OBJC_ISA_USAGE = YES_ERROR;
				CLANG_WARN_EMPTY_BODY = YES;
				CLANG_WARN_ENUM_CONVERSION = YES;
				CLANG_WARN_INT_CONVERSION = YES;
				CLANG_WARN_OBJC_ROOT_CLASS = YES_ERROR;
				CLANG_WARN_UNREACHABLE_CODE = YES;
				CLANG_WARN__DUPLICATE_METHOD_MATCH = YES;
				"CODE_SIGN_IDENTITY[sdk=iphoneos*]" = "iPhone Developer";
				COPY_PHASE_STRIP = NO;
				DEBUG_INFORMATION_FORMAT = "dwarf-with-dsym";
				ENABLE_NS_ASSERTIONS = NO;
				ENABLE_STRICT_OBJC_MSGSEND = YES;
				GCC_C_LANGUAGE_STANDARD = gnu99;
				GCC_NO_COMMON_BLOCKS = YES;
				GCC_WARN_64_TO_32_BIT_CONVERSION = YES;
				GCC_WARN_ABOUT_RETURN_TYPE = YES_ERROR;
				GCC_WARN_UNDECLARED_SELECTOR = YES;
				GCC_WARN_UNINITIALIZED_AUTOS = YES_AGGRESSIVE;
				GCC_WARN_UNUSED_FUNCTION = YES;
				GCC_WARN_UNUSED_VARIABLE = YES;
				IPHONEOS_DEPLOYMENT_TARGET = 9.3;
				MTL_ENABLE_DEBUG_INFO = NO;
				SDKROOT = iphoneos;
				VALIDATE_PRODUCT = YES;
			};
			name = Release;
		};
		AE8678D31D6B770400E76B48 /* Debug */ = {
			isa = XCBuildConfiguration;
			buildSettings = {
				ASSETCATALOG_COMPILER_APPICON_NAME = AppIcon;
				CODE_SIGN_IDENTITY = "iPhone Developer";
				"CODE_SIGN_IDENTITY[sdk=iphoneos*]" = "iPhone Developer";
				INFOPLIST_FILE = OnTheMap/Info.plist;
				LD_RUNPATH_SEARCH_PATHS = "$(inherited) @executable_path/Frameworks";
				PRODUCT_BUNDLE_IDENTIFIER = com.AmeliaBoli.OnTheMap;
				PRODUCT_NAME = "$(TARGET_NAME)";
				PROVISIONING_PROFILE = "";
			};
			name = Debug;
		};
		AE8678D41D6B770400E76B48 /* Release */ = {
			isa = XCBuildConfiguration;
			buildSettings = {
				ASSETCATALOG_COMPILER_APPICON_NAME = AppIcon;
				CODE_SIGN_IDENTITY = "iPhone Developer";
				"CODE_SIGN_IDENTITY[sdk=iphoneos*]" = "iPhone Developer";
				INFOPLIST_FILE = OnTheMap/Info.plist;
				LD_RUNPATH_SEARCH_PATHS = "$(inherited) @executable_path/Frameworks";
				PRODUCT_BUNDLE_IDENTIFIER = com.AmeliaBoli.OnTheMap;
				PRODUCT_NAME = "$(TARGET_NAME)";
				PROVISIONING_PROFILE = "";
			};
			name = Release;
		};
/* End XCBuildConfiguration section */

/* Begin XCConfigurationList section */
		AE8678BB1D6B770400E76B48 /* Build configuration list for PBXProject "OnTheMap" */ = {
			isa = XCConfigurationList;
			buildConfigurations = (
				AE8678D01D6B770400E76B48 /* Debug */,
				AE8678D11D6B770400E76B48 /* Release */,
			);
			defaultConfigurationIsVisible = 0;
			defaultConfigurationName = Release;
		};
		AE8678D21D6B770400E76B48 /* Build configuration list for PBXNativeTarget "OnTheMap" */ = {
			isa = XCConfigurationList;
			buildConfigurations = (
				AE8678D31D6B770400E76B48 /* Debug */,
				AE8678D41D6B770400E76B48 /* Release */,
			);
			defaultConfigurationIsVisible = 0;
			defaultConfigurationName = Release;
		};
/* End XCConfigurationList section */
	};
	rootObject = AE8678B81D6B770400E76B48 /* Project object */;
}
